// !$*UTF8*$!
{
	archiveVersion = 1;
	classes = {
	};
	objectVersion = 56;
	objects = {

/* Begin PBXBuildFile section */
		E100A34E2A599A8200C9F79E /* CategoriesView.swift in Sources */ = {isa = PBXBuildFile; fileRef = E100A34D2A599A8200C9F79E /* CategoriesView.swift */; };
		E100A3512A599B6D00C9F79E /* CategorysModel.swift in Sources */ = {isa = PBXBuildFile; fileRef = E100A3502A599B6D00C9F79E /* CategorysModel.swift */; };
		E100A3542A599C8700C9F79E /* Constants.swift in Sources */ = {isa = PBXBuildFile; fileRef = E100A3532A599C8700C9F79E /* Constants.swift */; };
		E100A3582A59A9B000C9F79E /* CategoriesService.swift in Sources */ = {isa = PBXBuildFile; fileRef = E100A3572A59A9B000C9F79E /* CategoriesService.swift */; };
		E100A35A2A59AB9900C9F79E /* CategorysRequestCollection.swift in Sources */ = {isa = PBXBuildFile; fileRef = E100A3592A59AB9900C9F79E /* CategorysRequestCollection.swift */; };
		E1F1F6D52A59B78200A4CE77 /* Moya in Frameworks */ = {isa = PBXBuildFile; productRef = E1F1F6D42A59B78200A4CE77 /* Moya */; };
		E1F1F6D72A59B78700A4CE77 /* CombineMoya in Frameworks */ = {isa = PBXBuildFile; productRef = E1F1F6D62A59B78700A4CE77 /* CombineMoya */; };
		E1F9B2512A592D3100A32299 /* AppDelegate.swift in Sources */ = {isa = PBXBuildFile; fileRef = E1F9B2502A592D3100A32299 /* AppDelegate.swift */; };
		E1F9B2532A592D3100A32299 /* SceneDelegate.swift in Sources */ = {isa = PBXBuildFile; fileRef = E1F9B2522A592D3100A32299 /* SceneDelegate.swift */; };
		E1F9B2552A592D3100A32299 /* ViewController.swift in Sources */ = {isa = PBXBuildFile; fileRef = E1F9B2542A592D3100A32299 /* ViewController.swift */; };
		E1F9B2582A592D3100A32299 /* Main.storyboard in Resources */ = {isa = PBXBuildFile; fileRef = E1F9B2562A592D3100A32299 /* Main.storyboard */; };
		E1F9B25A2A592D3200A32299 /* Assets.xcassets in Resources */ = {isa = PBXBuildFile; fileRef = E1F9B2592A592D3200A32299 /* Assets.xcassets */; };
		E1F9B25D2A592D3200A32299 /* LaunchScreen.storyboard in Resources */ = {isa = PBXBuildFile; fileRef = E1F9B25B2A592D3200A32299 /* LaunchScreen.storyboard */; };
		E1F9B2652A592DF700A32299 /* HomeScreenView.swift in Sources */ = {isa = PBXBuildFile; fileRef = E1F9B2642A592DF700A32299 /* HomeScreenView.swift */; };
		E1F9B2672A592E2000A32299 /* HomeViewModel.swift in Sources */ = {isa = PBXBuildFile; fileRef = E1F9B2662A592E2000A32299 /* HomeViewModel.swift */; };
		E1F9B26A2A592E9700A32299 /* XCoordinator in Frameworks */ = {isa = PBXBuildFile; productRef = E1F9B2692A592E9700A32299 /* XCoordinator */; };
		E1F9B2712A59339E00A32299 /* MainTabbarCoordinator.swift in Sources */ = {isa = PBXBuildFile; fileRef = E1F9B2702A59339E00A32299 /* MainTabbarCoordinator.swift */; };
		E1F9B2732A5933AD00A32299 /* HomeCoordinator.swift in Sources */ = {isa = PBXBuildFile; fileRef = E1F9B2722A5933AD00A32299 /* HomeCoordinator.swift */; };
		E1F9B2752A5933BE00A32299 /* FindCoordinator.swift in Sources */ = {isa = PBXBuildFile; fileRef = E1F9B2742A5933BE00A32299 /* FindCoordinator.swift */; };
		E1F9B2772A5933CE00A32299 /* CartCoordinator.swift in Sources */ = {isa = PBXBuildFile; fileRef = E1F9B2762A5933CE00A32299 /* CartCoordinator.swift */; };
		E1F9B2792A5933EF00A32299 /* ProfileCoordinator.swift in Sources */ = {isa = PBXBuildFile; fileRef = E1F9B2782A5933EF00A32299 /* ProfileCoordinator.swift */; };
		E1F9B27B2A59340000A32299 /* PreviewMock.swift in Sources */ = {isa = PBXBuildFile; fileRef = E1F9B27A2A59340000A32299 /* PreviewMock.swift */; };
		E1F9B27D2A59340D00A32299 /* EmptyRouter.swift in Sources */ = {isa = PBXBuildFile; fileRef = E1F9B27C2A59340D00A32299 /* EmptyRouter.swift */; };
		E1F9B2882A59715300A32299 /* XCAssets+Generated.swift in Sources */ = {isa = PBXBuildFile; fileRef = E1F9B2872A59715300A32299 /* XCAssets+Generated.swift */; };
		E1F9B28A2A59716000A32299 /* Strings+Generated.swift in Sources */ = {isa = PBXBuildFile; fileRef = E1F9B2892A59716000A32299 /* Strings+Generated.swift */; };
		E1F9B28C2A59717900A32299 /* Localizable.strings in Resources */ = {isa = PBXBuildFile; fileRef = E1F9B28B2A59717900A32299 /* Localizable.strings */; };
		E1F9B28E2A59864000A32299 /* DateView.swift in Sources */ = {isa = PBXBuildFile; fileRef = E1F9B28D2A59864000A32299 /* DateView.swift */; };
		E1F9B2922A598F3F00A32299 /* NavigationItemView.swift in Sources */ = {isa = PBXBuildFile; fileRef = E1F9B2912A598F3F00A32299 /* NavigationItemView.swift */; };
		E1F9B2942A59968500A32299 /* CategoryCardView.swift in Sources */ = {isa = PBXBuildFile; fileRef = E1F9B2932A59968500A32299 /* CategoryCardView.swift */; };
/* End PBXBuildFile section */

/* Begin PBXFileReference section */
		E100A34D2A599A8200C9F79E /* CategoriesView.swift */ = {isa = PBXFileReference; lastKnownFileType = sourcecode.swift; path = CategoriesView.swift; sourceTree = "<group>"; };
		E100A3502A599B6D00C9F79E /* CategorysModel.swift */ = {isa = PBXFileReference; lastKnownFileType = sourcecode.swift; path = CategorysModel.swift; sourceTree = "<group>"; };
		E100A3532A599C8700C9F79E /* Constants.swift */ = {isa = PBXFileReference; lastKnownFileType = sourcecode.swift; path = Constants.swift; sourceTree = "<group>"; };
		E100A3572A59A9B000C9F79E /* CategoriesService.swift */ = {isa = PBXFileReference; lastKnownFileType = sourcecode.swift; path = CategoriesService.swift; sourceTree = "<group>"; };
		E100A3592A59AB9900C9F79E /* CategorysRequestCollection.swift */ = {isa = PBXFileReference; lastKnownFileType = sourcecode.swift; path = CategorysRequestCollection.swift; sourceTree = "<group>"; };
		E1F9B24D2A592D3100A32299 /* FoodStore.app */ = {isa = PBXFileReference; explicitFileType = wrapper.application; includeInIndex = 0; path = FoodStore.app; sourceTree = BUILT_PRODUCTS_DIR; };
		E1F9B2502A592D3100A32299 /* AppDelegate.swift */ = {isa = PBXFileReference; lastKnownFileType = sourcecode.swift; path = AppDelegate.swift; sourceTree = "<group>"; };
		E1F9B2522A592D3100A32299 /* SceneDelegate.swift */ = {isa = PBXFileReference; lastKnownFileType = sourcecode.swift; path = SceneDelegate.swift; sourceTree = "<group>"; };
		E1F9B2542A592D3100A32299 /* ViewController.swift */ = {isa = PBXFileReference; lastKnownFileType = sourcecode.swift; path = ViewController.swift; sourceTree = "<group>"; };
		E1F9B2572A592D3100A32299 /* Base */ = {isa = PBXFileReference; lastKnownFileType = file.storyboard; name = Base; path = Base.lproj/Main.storyboard; sourceTree = "<group>"; };
		E1F9B2592A592D3200A32299 /* Assets.xcassets */ = {isa = PBXFileReference; lastKnownFileType = folder.assetcatalog; path = Assets.xcassets; sourceTree = "<group>"; };
		E1F9B25C2A592D3200A32299 /* Base */ = {isa = PBXFileReference; lastKnownFileType = file.storyboard; name = Base; path = Base.lproj/LaunchScreen.storyboard; sourceTree = "<group>"; };
		E1F9B25E2A592D3200A32299 /* Info.plist */ = {isa = PBXFileReference; lastKnownFileType = text.plist.xml; path = Info.plist; sourceTree = "<group>"; };
		E1F9B2642A592DF700A32299 /* HomeScreenView.swift */ = {isa = PBXFileReference; lastKnownFileType = sourcecode.swift; path = HomeScreenView.swift; sourceTree = "<group>"; };
		E1F9B2662A592E2000A32299 /* HomeViewModel.swift */ = {isa = PBXFileReference; lastKnownFileType = sourcecode.swift; path = HomeViewModel.swift; sourceTree = "<group>"; };
		E1F9B2702A59339E00A32299 /* MainTabbarCoordinator.swift */ = {isa = PBXFileReference; lastKnownFileType = sourcecode.swift; path = MainTabbarCoordinator.swift; sourceTree = "<group>"; };
		E1F9B2722A5933AD00A32299 /* HomeCoordinator.swift */ = {isa = PBXFileReference; lastKnownFileType = sourcecode.swift; path = HomeCoordinator.swift; sourceTree = "<group>"; };
		E1F9B2742A5933BE00A32299 /* FindCoordinator.swift */ = {isa = PBXFileReference; lastKnownFileType = sourcecode.swift; path = FindCoordinator.swift; sourceTree = "<group>"; };
		E1F9B2762A5933CE00A32299 /* CartCoordinator.swift */ = {isa = PBXFileReference; lastKnownFileType = sourcecode.swift; path = CartCoordinator.swift; sourceTree = "<group>"; };
		E1F9B2782A5933EF00A32299 /* ProfileCoordinator.swift */ = {isa = PBXFileReference; lastKnownFileType = sourcecode.swift; path = ProfileCoordinator.swift; sourceTree = "<group>"; };
		E1F9B27A2A59340000A32299 /* PreviewMock.swift */ = {isa = PBXFileReference; lastKnownFileType = sourcecode.swift; path = PreviewMock.swift; sourceTree = "<group>"; };
		E1F9B27C2A59340D00A32299 /* EmptyRouter.swift */ = {isa = PBXFileReference; lastKnownFileType = sourcecode.swift; path = EmptyRouter.swift; sourceTree = "<group>"; };
		E1F9B2872A59715300A32299 /* XCAssets+Generated.swift */ = {isa = PBXFileReference; lastKnownFileType = sourcecode.swift; path = "XCAssets+Generated.swift"; sourceTree = "<group>"; };
		E1F9B2892A59716000A32299 /* Strings+Generated.swift */ = {isa = PBXFileReference; lastKnownFileType = sourcecode.swift; path = "Strings+Generated.swift"; sourceTree = "<group>"; };
		E1F9B28B2A59717900A32299 /* Localizable.strings */ = {isa = PBXFileReference; lastKnownFileType = text.plist.strings; path = Localizable.strings; sourceTree = "<group>"; };
		E1F9B28D2A59864000A32299 /* DateView.swift */ = {isa = PBXFileReference; lastKnownFileType = sourcecode.swift; path = DateView.swift; sourceTree = "<group>"; };
		E1F9B2912A598F3F00A32299 /* NavigationItemView.swift */ = {isa = PBXFileReference; lastKnownFileType = sourcecode.swift; path = NavigationItemView.swift; sourceTree = "<group>"; };
		E1F9B2932A59968500A32299 /* CategoryCardView.swift */ = {isa = PBXFileReference; lastKnownFileType = sourcecode.swift; path = CategoryCardView.swift; sourceTree = "<group>"; };
/* End PBXFileReference section */

/* Begin PBXFrameworksBuildPhase section */
		E1F9B24A2A592D3100A32299 /* Frameworks */ = {
			isa = PBXFrameworksBuildPhase;
			buildActionMask = 2147483647;
			files = (
				E1F1F6D52A59B78200A4CE77 /* Moya in Frameworks */,
				E1F9B26A2A592E9700A32299 /* XCoordinator in Frameworks */,
				E1F1F6D72A59B78700A4CE77 /* CombineMoya in Frameworks */,
			);
			runOnlyForDeploymentPostprocessing = 0;
		};
/* End PBXFrameworksBuildPhase section */

/* Begin PBXGroup section */
		E100A34F2A599B5200C9F79E /* Models */ = {
			isa = PBXGroup;
			children = (
				E100A3502A599B6D00C9F79E /* CategorysModel.swift */,
			);
			path = Models;
			sourceTree = "<group>";
		};
		E100A3522A599C7800C9F79E /* Core */ = {
			isa = PBXGroup;
			children = (
				E100A3532A599C8700C9F79E /* Constants.swift */,
			);
			path = Core;
			sourceTree = "<group>";
		};
		E100A3552A59A95F00C9F79E /* Services */ = {
			isa = PBXGroup;
			children = (
				E100A3562A59A98000C9F79E /* Categorys */,
			);
			path = Services;
			sourceTree = "<group>";
		};
		E100A3562A59A98000C9F79E /* Categorys */ = {
			isa = PBXGroup;
			children = (
				E100A3572A59A9B000C9F79E /* CategoriesService.swift */,
				E100A3592A59AB9900C9F79E /* CategorysRequestCollection.swift */,
			);
			path = Categorys;
			sourceTree = "<group>";
		};
		E1F1F6D32A59B78200A4CE77 /* Frameworks */ = {
			isa = PBXGroup;
			children = (
			);
			name = Frameworks;
			sourceTree = "<group>";
		};
		E1F9B2442A592D3100A32299 = {
			isa = PBXGroup;
			children = (
				E1F9B24F2A592D3100A32299 /* FoodStore */,
				E1F9B24E2A592D3100A32299 /* Products */,
				E1F1F6D32A59B78200A4CE77 /* Frameworks */,
			);
			sourceTree = "<group>";
		};
		E1F9B24E2A592D3100A32299 /* Products */ = {
			isa = PBXGroup;
			children = (
				E1F9B24D2A592D3100A32299 /* FoodStore.app */,
			);
			name = Products;
			sourceTree = "<group>";
		};
		E1F9B24F2A592D3100A32299 /* FoodStore */ = {
			isa = PBXGroup;
			children = (
				E1F9B2802A593B2800A32299 /* AppDelegate */,
				E1F9B26F2A59337900A32299 /* Flows */,
				E1F9B28F2A59864700A32299 /* Components */,
				E1F9B27F2A59342600A32299 /* Coordinators */,
				E100A3522A599C7800C9F79E /* Core */,
				E100A34F2A599B5200C9F79E /* Models */,
				E100A3552A59A95F00C9F79E /* Services */,
				E1F9B2822A593B9200A32299 /* Resources */,
				E1F9B2542A592D3100A32299 /* ViewController.swift */,
				E1F9B2562A592D3100A32299 /* Main.storyboard */,
				E1F9B25B2A592D3200A32299 /* LaunchScreen.storyboard */,
				E1F9B25E2A592D3200A32299 /* Info.plist */,
			);
			path = FoodStore;
			sourceTree = "<group>";
		};
		E1F9B26E2A59336A00A32299 /* Home */ = {
			isa = PBXGroup;
			children = (
				E1F9B2642A592DF700A32299 /* HomeScreenView.swift */,
				E1F9B2662A592E2000A32299 /* HomeViewModel.swift */,
				E1F9B2902A598F1300A32299 /* Views */,
			);
			path = Home;
			sourceTree = "<group>";
		};
		E1F9B26F2A59337900A32299 /* Flows */ = {
			isa = PBXGroup;
			children = (
				E1F9B26E2A59336A00A32299 /* Home */,
			);
			path = Flows;
			sourceTree = "<group>";
		};
		E1F9B27E2A59341800A32299 /* Routers */ = {
			isa = PBXGroup;
			children = (
				E1F9B27A2A59340000A32299 /* PreviewMock.swift */,
				E1F9B27C2A59340D00A32299 /* EmptyRouter.swift */,
			);
			path = Routers;
			sourceTree = "<group>";
		};
		E1F9B27F2A59342600A32299 /* Coordinators */ = {
			isa = PBXGroup;
			children = (
				E1F9B2702A59339E00A32299 /* MainTabbarCoordinator.swift */,
				E1F9B2722A5933AD00A32299 /* HomeCoordinator.swift */,
				E1F9B2742A5933BE00A32299 /* FindCoordinator.swift */,
				E1F9B2762A5933CE00A32299 /* CartCoordinator.swift */,
				E1F9B2782A5933EF00A32299 /* ProfileCoordinator.swift */,
				E1F9B27E2A59341800A32299 /* Routers */,
			);
			path = Coordinators;
			sourceTree = "<group>";
		};
		E1F9B2802A593B2800A32299 /* AppDelegate */ = {
			isa = PBXGroup;
			children = (
				E1F9B2502A592D3100A32299 /* AppDelegate.swift */,
				E1F9B2522A592D3100A32299 /* SceneDelegate.swift */,
			);
			path = AppDelegate;
			sourceTree = "<group>";
		};
		E1F9B2822A593B9200A32299 /* Resources */ = {
			isa = PBXGroup;
			children = (
				E1F9B2862A59713100A32299 /* Generated */,
				E1F9B2592A592D3200A32299 /* Assets.xcassets */,
				E1F9B28B2A59717900A32299 /* Localizable.strings */,
			);
			path = Resources;
			sourceTree = "<group>";
		};
		E1F9B2862A59713100A32299 /* Generated */ = {
			isa = PBXGroup;
			children = (
				E1F9B2872A59715300A32299 /* XCAssets+Generated.swift */,
				E1F9B2892A59716000A32299 /* Strings+Generated.swift */,
			);
			path = Generated;
			sourceTree = "<group>";
		};
		E1F9B28F2A59864700A32299 /* Components */ = {
			isa = PBXGroup;
			children = (
				E1F9B28D2A59864000A32299 /* DateView.swift */,
			);
			path = Components;
			sourceTree = "<group>";
		};
		E1F9B2902A598F1300A32299 /* Views */ = {
			isa = PBXGroup;
			children = (
				E1F9B2912A598F3F00A32299 /* NavigationItemView.swift */,
				E1F9B2932A59968500A32299 /* CategoryCardView.swift */,
				E100A34D2A599A8200C9F79E /* CategoriesView.swift */,
			);
			path = Views;
			sourceTree = "<group>";
		};
/* End PBXGroup section */

/* Begin PBXNativeTarget section */
		E1F9B24C2A592D3100A32299 /* FoodStore */ = {
			isa = PBXNativeTarget;
			buildConfigurationList = E1F9B2612A592D3200A32299 /* Build configuration list for PBXNativeTarget "FoodStore" */;
			buildPhases = (
				E1F9B2492A592D3100A32299 /* Sources */,
				E1F9B24A2A592D3100A32299 /* Frameworks */,
				E1F9B24B2A592D3100A32299 /* Resources */,
			);
			buildRules = (
			);
			dependencies = (
			);
			name = FoodStore;
			packageProductDependencies = (
				E1F9B2692A592E9700A32299 /* XCoordinator */,
				E1F1F6D42A59B78200A4CE77 /* Moya */,
				E1F1F6D62A59B78700A4CE77 /* CombineMoya */,
			);
			productName = FoodStore;
			productReference = E1F9B24D2A592D3100A32299 /* FoodStore.app */;
			productType = "com.apple.product-type.application";
		};
/* End PBXNativeTarget section */

/* Begin PBXProject section */
		E1F9B2452A592D3100A32299 /* Project object */ = {
			isa = PBXProject;
			attributes = {
				BuildIndependentTargetsInParallel = 1;
				LastSwiftUpdateCheck = 1430;
				LastUpgradeCheck = 1430;
				TargetAttributes = {
					E1F9B24C2A592D3100A32299 = {
						CreatedOnToolsVersion = 14.3;
					};
				};
			};
			buildConfigurationList = E1F9B2482A592D3100A32299 /* Build configuration list for PBXProject "FoodStore" */;
			compatibilityVersion = "Xcode 14.0";
			developmentRegion = en;
			hasScannedForEncodings = 0;
			knownRegions = (
				en,
				Base,
			);
			mainGroup = E1F9B2442A592D3100A32299;
			packageReferences = (
				E1F9B2682A592E9700A32299 /* XCRemoteSwiftPackageReference "XCoordinator" */,
				E1F9B26B2A592F0100A32299 /* XCRemoteSwiftPackageReference "Moya" */,
			);
			productRefGroup = E1F9B24E2A592D3100A32299 /* Products */;
			projectDirPath = "";
			projectRoot = "";
			targets = (
				E1F9B24C2A592D3100A32299 /* FoodStore */,
			);
		};
/* End PBXProject section */

/* Begin PBXResourcesBuildPhase section */
		E1F9B24B2A592D3100A32299 /* Resources */ = {
			isa = PBXResourcesBuildPhase;
			buildActionMask = 2147483647;
			files = (
				E1F9B25D2A592D3200A32299 /* LaunchScreen.storyboard in Resources */,
				E1F9B28C2A59717900A32299 /* Localizable.strings in Resources */,
				E1F9B25A2A592D3200A32299 /* Assets.xcassets in Resources */,
				E1F9B2582A592D3100A32299 /* Main.storyboard in Resources */,
			);
			runOnlyForDeploymentPostprocessing = 0;
		};
/* End PBXResourcesBuildPhase section */

/* Begin PBXSourcesBuildPhase section */
		E1F9B2492A592D3100A32299 /* Sources */ = {
			isa = PBXSourcesBuildPhase;
			buildActionMask = 2147483647;
			files = (
				E100A34E2A599A8200C9F79E /* CategoriesView.swift in Sources */,
				E1F9B28E2A59864000A32299 /* DateView.swift in Sources */,
				E1F9B2882A59715300A32299 /* XCAssets+Generated.swift in Sources */,
				E1F9B2552A592D3100A32299 /* ViewController.swift in Sources */,
				E1F9B2512A592D3100A32299 /* AppDelegate.swift in Sources */,
				E1F9B2532A592D3100A32299 /* SceneDelegate.swift in Sources */,
				E1F9B2942A59968500A32299 /* CategoryCardView.swift in Sources */,
				E1F9B28A2A59716000A32299 /* Strings+Generated.swift in Sources */,
				E1F9B2672A592E2000A32299 /* HomeViewModel.swift in Sources */,
				E1F9B27D2A59340D00A32299 /* EmptyRouter.swift in Sources */,
				E1F9B2652A592DF700A32299 /* HomeScreenView.swift in Sources */,
				E100A35A2A59AB9900C9F79E /* CategorysRequestCollection.swift in Sources */,
				E100A3582A59A9B000C9F79E /* CategoriesService.swift in Sources */,
				E1F9B2752A5933BE00A32299 /* FindCoordinator.swift in Sources */,
				E1F9B2922A598F3F00A32299 /* NavigationItemView.swift in Sources */,
				E1F9B2732A5933AD00A32299 /* HomeCoordinator.swift in Sources */,
				E1F9B27B2A59340000A32299 /* PreviewMock.swift in Sources */,
				E100A3542A599C8700C9F79E /* Constants.swift in Sources */,
				E1F9B2772A5933CE00A32299 /* CartCoordinator.swift in Sources */,
				E1F9B2792A5933EF00A32299 /* ProfileCoordinator.swift in Sources */,
				E100A3512A599B6D00C9F79E /* CategorysModel.swift in Sources */,
				E1F9B2712A59339E00A32299 /* MainTabbarCoordinator.swift in Sources */,
			);
			runOnlyForDeploymentPostprocessing = 0;
		};
/* End PBXSourcesBuildPhase section */

/* Begin PBXVariantGroup section */
		E1F9B2562A592D3100A32299 /* Main.storyboard */ = {
			isa = PBXVariantGroup;
			children = (
				E1F9B2572A592D3100A32299 /* Base */,
			);
			name = Main.storyboard;
			sourceTree = "<group>";
		};
		E1F9B25B2A592D3200A32299 /* LaunchScreen.storyboard */ = {
			isa = PBXVariantGroup;
			children = (
				E1F9B25C2A592D3200A32299 /* Base */,
			);
			name = LaunchScreen.storyboard;
			sourceTree = "<group>";
		};
/* End PBXVariantGroup section */

/* Begin XCBuildConfiguration section */
		E1F9B25F2A592D3200A32299 /* Debug */ = {
			isa = XCBuildConfiguration;
			buildSettings = {
				ALWAYS_SEARCH_USER_PATHS = NO;
				CLANG_ANALYZER_NONNULL = YES;
				CLANG_ANALYZER_NUMBER_OBJECT_CONVERSION = YES_AGGRESSIVE;
				CLANG_CXX_LANGUAGE_STANDARD = "gnu++20";
				CLANG_ENABLE_MODULES = YES;
				CLANG_ENABLE_OBJC_ARC = YES;
				CLANG_ENABLE_OBJC_WEAK = YES;
				CLANG_WARN_BLOCK_CAPTURE_AUTORELEASING = YES;
				CLANG_WARN_BOOL_CONVERSION = YES;
				CLANG_WARN_COMMA = YES;
				CLANG_WARN_CONSTANT_CONVERSION = YES;
				CLANG_WARN_DEPRECATED_OBJC_IMPLEMENTATIONS = YES;
				CLANG_WARN_DIRECT_OBJC_ISA_USAGE = YES_ERROR;
				CLANG_WARN_DOCUMENTATION_COMMENTS = YES;
				CLANG_WARN_EMPTY_BODY = YES;
				CLANG_WARN_ENUM_CONVERSION = YES;
				CLANG_WARN_INFINITE_RECURSION = YES;
				CLANG_WARN_INT_CONVERSION = YES;
				CLANG_WARN_NON_LITERAL_NULL_CONVERSION = YES;
				CLANG_WARN_OBJC_IMPLICIT_RETAIN_SELF = YES;
				CLANG_WARN_OBJC_LITERAL_CONVERSION = YES;
				CLANG_WARN_OBJC_ROOT_CLASS = YES_ERROR;
				CLANG_WARN_QUOTED_INCLUDE_IN_FRAMEWORK_HEADER = YES;
				CLANG_WARN_RANGE_LOOP_ANALYSIS = YES;
				CLANG_WARN_STRICT_PROTOTYPES = YES;
				CLANG_WARN_SUSPICIOUS_MOVE = YES;
				CLANG_WARN_UNGUARDED_AVAILABILITY = YES_AGGRESSIVE;
				CLANG_WARN_UNREACHABLE_CODE = YES;
				CLANG_WARN__DUPLICATE_METHOD_MATCH = YES;
				COPY_PHASE_STRIP = NO;
				DEBUG_INFORMATION_FORMAT = dwarf;
				ENABLE_STRICT_OBJC_MSGSEND = YES;
				ENABLE_TESTABILITY = YES;
				GCC_C_LANGUAGE_STANDARD = gnu11;
				GCC_DYNAMIC_NO_PIC = NO;
				GCC_NO_COMMON_BLOCKS = YES;
				GCC_OPTIMIZATION_LEVEL = 0;
				GCC_PREPROCESSOR_DEFINITIONS = (
					"DEBUG=1",
					"$(inherited)",
				);
				GCC_WARN_64_TO_32_BIT_CONVERSION = YES;
				GCC_WARN_ABOUT_RETURN_TYPE = YES_ERROR;
				GCC_WARN_UNDECLARED_SELECTOR = YES;
				GCC_WARN_UNINITIALIZED_AUTOS = YES_AGGRESSIVE;
				GCC_WARN_UNUSED_FUNCTION = YES;
				GCC_WARN_UNUSED_VARIABLE = YES;
				IPHONEOS_DEPLOYMENT_TARGET = 16.4;
				MTL_ENABLE_DEBUG_INFO = INCLUDE_SOURCE;
				MTL_FAST_MATH = YES;
				ONLY_ACTIVE_ARCH = YES;
				SDKROOT = iphoneos;
				SWIFT_ACTIVE_COMPILATION_CONDITIONS = DEBUG;
				SWIFT_OPTIMIZATION_LEVEL = "-Onone";
			};
			name = Debug;
		};
		E1F9B2602A592D3200A32299 /* Release */ = {
			isa = XCBuildConfiguration;
			buildSettings = {
				ALWAYS_SEARCH_USER_PATHS = NO;
				CLANG_ANALYZER_NONNULL = YES;
				CLANG_ANALYZER_NUMBER_OBJECT_CONVERSION = YES_AGGRESSIVE;
				CLANG_CXX_LANGUAGE_STANDARD = "gnu++20";
				CLANG_ENABLE_MODULES = YES;
				CLANG_ENABLE_OBJC_ARC = YES;
				CLANG_ENABLE_OBJC_WEAK = YES;
				CLANG_WARN_BLOCK_CAPTURE_AUTORELEASING = YES;
				CLANG_WARN_BOOL_CONVERSION = YES;
				CLANG_WARN_COMMA = YES;
				CLANG_WARN_CONSTANT_CONVERSION = YES;
				CLANG_WARN_DEPRECATED_OBJC_IMPLEMENTATIONS = YES;
				CLANG_WARN_DIRECT_OBJC_ISA_USAGE = YES_ERROR;
				CLANG_WARN_DOCUMENTATION_COMMENTS = YES;
				CLANG_WARN_EMPTY_BODY = YES;
				CLANG_WARN_ENUM_CONVERSION = YES;
				CLANG_WARN_INFINITE_RECURSION = YES;
				CLANG_WARN_INT_CONVERSION = YES;
				CLANG_WARN_NON_LITERAL_NULL_CONVERSION = YES;
				CLANG_WARN_OBJC_IMPLICIT_RETAIN_SELF = YES;
				CLANG_WARN_OBJC_LITERAL_CONVERSION = YES;
				CLANG_WARN_OBJC_ROOT_CLASS = YES_ERROR;
				CLANG_WARN_QUOTED_INCLUDE_IN_FRAMEWORK_HEADER = YES;
				CLANG_WARN_RANGE_LOOP_ANALYSIS = YES;
				CLANG_WARN_STRICT_PROTOTYPES = YES;
				CLANG_WARN_SUSPICIOUS_MOVE = YES;
				CLANG_WARN_UNGUARDED_AVAILABILITY = YES_AGGRESSIVE;
				CLANG_WARN_UNREACHABLE_CODE = YES;
				CLANG_WARN__DUPLICATE_METHOD_MATCH = YES;
				COPY_PHASE_STRIP = NO;
				DEBUG_INFORMATION_FORMAT = "dwarf-with-dsym";
				ENABLE_NS_ASSERTIONS = NO;
				ENABLE_STRICT_OBJC_MSGSEND = YES;
				GCC_C_LANGUAGE_STANDARD = gnu11;
				GCC_NO_COMMON_BLOCKS = YES;
				GCC_WARN_64_TO_32_BIT_CONVERSION = YES;
				GCC_WARN_ABOUT_RETURN_TYPE = YES_ERROR;
				GCC_WARN_UNDECLARED_SELECTOR = YES;
				GCC_WARN_UNINITIALIZED_AUTOS = YES_AGGRESSIVE;
				GCC_WARN_UNUSED_FUNCTION = YES;
				GCC_WARN_UNUSED_VARIABLE = YES;
				IPHONEOS_DEPLOYMENT_TARGET = 16.4;
				MTL_ENABLE_DEBUG_INFO = NO;
				MTL_FAST_MATH = YES;
				SDKROOT = iphoneos;
				SWIFT_COMPILATION_MODE = wholemodule;
				SWIFT_OPTIMIZATION_LEVEL = "-O";
				VALIDATE_PRODUCT = YES;
			};
			name = Release;
		};
		E1F9B2622A592D3200A32299 /* Debug */ = {
			isa = XCBuildConfiguration;
			buildSettings = {
				ASSETCATALOG_COMPILER_APPICON_NAME = AppIcon;
				ASSETCATALOG_COMPILER_GLOBAL_ACCENT_COLOR_NAME = AccentColor;
				CODE_SIGN_STYLE = Automatic;
				CURRENT_PROJECT_VERSION = 1;
				DEVELOPMENT_TEAM = 4DUTCP7Z6J;
				GENERATE_INFOPLIST_FILE = YES;
				INFOPLIST_FILE = FoodStore/Info.plist;
				INFOPLIST_KEY_UIApplicationSupportsIndirectInputEvents = YES;
				INFOPLIST_KEY_UILaunchStoryboardName = LaunchScreen;
				INFOPLIST_KEY_UIMainStoryboardFile = Main;
				INFOPLIST_KEY_UISupportedInterfaceOrientations_iPad = "UIInterfaceOrientationPortrait UIInterfaceOrientationPortraitUpsideDown UIInterfaceOrientationLandscapeLeft UIInterfaceOrientationLandscapeRight";
				INFOPLIST_KEY_UISupportedInterfaceOrientations_iPhone = "UIInterfaceOrientationPortrait UIInterfaceOrientationLandscapeLeft UIInterfaceOrientationLandscapeRight";
				LD_RUNPATH_SEARCH_PATHS = (
					"$(inherited)",
					"@executable_path/Frameworks",
				);
				MARKETING_VERSION = 1.0;
				PRODUCT_BUNDLE_IDENTIFIER = AWP.FoodStore;
				PRODUCT_NAME = "$(TARGET_NAME)";
				SWIFT_EMIT_LOC_STRINGS = YES;
				SWIFT_VERSION = 5.0;
				TARGETED_DEVICE_FAMILY = "1,2";
			};
			name = Debug;
		};
		E1F9B2632A592D3200A32299 /* Release */ = {
			isa = XCBuildConfiguration;
			buildSettings = {
				ASSETCATALOG_COMPILER_APPICON_NAME = AppIcon;
				ASSETCATALOG_COMPILER_GLOBAL_ACCENT_COLOR_NAME = AccentColor;
				CODE_SIGN_STYLE = Automatic;
				CURRENT_PROJECT_VERSION = 1;
				DEVELOPMENT_TEAM = 4DUTCP7Z6J;
				GENERATE_INFOPLIST_FILE = YES;
				INFOPLIST_FILE = FoodStore/Info.plist;
				INFOPLIST_KEY_UIApplicationSupportsIndirectInputEvents = YES;
				INFOPLIST_KEY_UILaunchStoryboardName = LaunchScreen;
				INFOPLIST_KEY_UIMainStoryboardFile = Main;
				INFOPLIST_KEY_UISupportedInterfaceOrientations_iPad = "UIInterfaceOrientationPortrait UIInterfaceOrientationPortraitUpsideDown UIInterfaceOrientationLandscapeLeft UIInterfaceOrientationLandscapeRight";
				INFOPLIST_KEY_UISupportedInterfaceOrientations_iPhone = "UIInterfaceOrientationPortrait UIInterfaceOrientationLandscapeLeft UIInterfaceOrientationLandscapeRight";
				LD_RUNPATH_SEARCH_PATHS = (
					"$(inherited)",
					"@executable_path/Frameworks",
				);
				MARKETING_VERSION = 1.0;
				PRODUCT_BUNDLE_IDENTIFIER = AWP.FoodStore;
				PRODUCT_NAME = "$(TARGET_NAME)";
				SWIFT_EMIT_LOC_STRINGS = YES;
				SWIFT_VERSION = 5.0;
				TARGETED_DEVICE_FAMILY = "1,2";
			};
			name = Release;
		};
/* End XCBuildConfiguration section */

/* Begin XCConfigurationList section */
		E1F9B2482A592D3100A32299 /* Build configuration list for PBXProject "FoodStore" */ = {
			isa = XCConfigurationList;
			buildConfigurations = (
				E1F9B25F2A592D3200A32299 /* Debug */,
				E1F9B2602A592D3200A32299 /* Release */,
			);
			defaultConfigurationIsVisible = 0;
			defaultConfigurationName = Release;
		};
		E1F9B2612A592D3200A32299 /* Build configuration list for PBXNativeTarget "FoodStore" */ = {
			isa = XCConfigurationList;
			buildConfigurations = (
				E1F9B2622A592D3200A32299 /* Debug */,
				E1F9B2632A592D3200A32299 /* Release */,
			);
			defaultConfigurationIsVisible = 0;
			defaultConfigurationName = Release;
		};
/* End XCConfigurationList section */

/* Begin XCRemoteSwiftPackageReference section */
		E1F9B2682A592E9700A32299 /* XCRemoteSwiftPackageReference "XCoordinator" */ = {
			isa = XCRemoteSwiftPackageReference;
			repositoryURL = "https://github.com/QuickBirdEng/XCoordinator.git";
			requirement = {
				kind = upToNextMajorVersion;
				minimumVersion = 2.0.0;
			};
		};
		E1F9B26B2A592F0100A32299 /* XCRemoteSwiftPackageReference "Moya" */ = {
			isa = XCRemoteSwiftPackageReference;
			repositoryURL = "https://github.com/Moya/Moya.git";
			requirement = {
				kind = upToNextMajorVersion;
				minimumVersion = 15.0.0;
			};
		};
/* End XCRemoteSwiftPackageReference section */

/* Begin XCSwiftPackageProductDependency section */
		E1F1F6D42A59B78200A4CE77 /* Moya */ = {
			isa = XCSwiftPackageProductDependency;
			package = E1F9B26B2A592F0100A32299 /* XCRemoteSwiftPackageReference "Moya" */;
			productName = Moya;
		};
		E1F1F6D62A59B78700A4CE77 /* CombineMoya */ = {
			isa = XCSwiftPackageProductDependency;
			package = E1F9B26B2A592F0100A32299 /* XCRemoteSwiftPackageReference "Moya" */;
			productName = CombineMoya;
		};
		E1F9B2692A592E9700A32299 /* XCoordinator */ = {
			isa = XCSwiftPackageProductDependency;
			package = E1F9B2682A592E9700A32299 /* XCRemoteSwiftPackageReference "XCoordinator" */;
			productName = XCoordinator;
		};
/* End XCSwiftPackageProductDependency section */
	};
	rootObject = E1F9B2452A592D3100A32299 /* Project object */;
}
